
Microsoft Visual Studio Solution File, Format Version 12.00
# Visual Studio Version 17
VisualStudioVersion = 17.7.34221.43
MinimumVisualStudioVersion = 10.0.40219.1
Project("{FAE04EC0-301F-11D3-BF4B-00C04F79EFBC}") = "sa24api", "sa24api\sa24api.csproj", "{14FE584B-06F5-4D4F-90C3-E0B055F4AC9A}"
EndProject
Global
	GlobalSection(SolutionConfigurationPlatforms) = preSolution
		Debug|Any CPU = Debug|Any CPU
		Release|Any CPU = Release|Any CPU
	EndGlobalSection
	GlobalSection(ProjectConfigurationPlatforms) = postSolution
		{14FE584B-06F5-4D4F-90C3-E0B055F4AC9A}.Debug|Any CPU.ActiveCfg = Debug|Any CPU
		{14FE584B-06F5-4D4F-90C3-E0B055F4AC9A}.Debug|Any CPU.Build.0 = Debug|Any CPU
		{14FE584B-06F5-4D4F-90C3-E0B055F4AC9A}.Release|Any CPU.ActiveCfg = Release|Any CPU
		{14FE584B-06F5-4D4F-90C3-E0B055F4AC9A}.Release|Any CPU.Build.0 = Release|Any CPU
	EndGlobalSection
	GlobalSection(SolutionProperties) = preSolution
		HideSolutionNode = FALSE
	EndGlobalSection
	GlobalSection(ExtensibilityGlobals) = postSolution
		SolutionGuid = {FD6C16CC-B7A3-4518-8FC8-119995EFCEC0}
	EndGlobalSection
EndGlobal
